github.com/negrel/debugo v0.0.0-20200607195924-cd32e7815aea h1:5vGOndS6rl6JoXlZdOKeGbhO6xDJgicMwujKFbZY61w=
github.com/negrel/debugo v0.0.0-20200607195924-cd32e7815aea/go.mod h1:SEasqktd9OD/kRS/dDkrePWx2FnfMq3q4lV2eQzT2es=
github.com/negrel/debugo v0.0.0-20200607200959-f3be327a0e78 h1:zQdlCKr3UPEWana1VkwbzQac/XAkvsoj9IhgcrJep7s=
github.com/negrel/debugo v0.0.0-20200607200959-f3be327a0e78/go.mod h1:SEasqktd9OD/kRS/dDkrePWx2FnfMq3q4lV2eQzT2es=
